// !$*UTF8*$!
{
	archiveVersion = 1;
	classes = {
	};
	objectVersion = 50;
	objects = {

/* Begin PBXBuildFile section */
		BB5C3A7A267CC595002B1D0E /* OptionalGender+Extension.swift in Sources */ = {isa = PBXBuildFile; fileRef = BB5C3A79267CC595002B1D0E /* OptionalGender+Extension.swift */; };
		BB5C3A7F267CCF2C002B1D0E /* UITableView+Extension.swift in Sources */ = {isa = PBXBuildFile; fileRef = BB5C3A7E267CCF2C002B1D0E /* UITableView+Extension.swift */; };
		BB5C3A83267CDDB2002B1D0E /* Array+Extension.swift in Sources */ = {isa = PBXBuildFile; fileRef = BB5C3A82267CDDB2002B1D0E /* Array+Extension.swift */; };
		BBDF7CC2267947B800539526 /* AppDelegate.swift in Sources */ = {isa = PBXBuildFile; fileRef = BBDF7CC1267947B800539526 /* AppDelegate.swift */; };
		BBDF7CC4267947B800539526 /* SceneDelegate.swift in Sources */ = {isa = PBXBuildFile; fileRef = BBDF7CC3267947B800539526 /* SceneDelegate.swift */; };
		BBDF7CC6267947B800539526 /* PostListViewController.swift in Sources */ = {isa = PBXBuildFile; fileRef = BBDF7CC5267947B800539526 /* PostListViewController.swift */; };
		BBDF7CCB267947C100539526 /* Assets.xcassets in Resources */ = {isa = PBXBuildFile; fileRef = BBDF7CCA267947C100539526 /* Assets.xcassets */; };
		BBDF7CDE26794D2900539526 /* PostListPresenter.swift in Sources */ = {isa = PBXBuildFile; fileRef = BBDF7CDD26794D2900539526 /* PostListPresenter.swift */; };
		BBDF7CE82679542800539526 /* PostListRouter.swift in Sources */ = {isa = PBXBuildFile; fileRef = BBDF7CE72679542800539526 /* PostListRouter.swift */; };
		BBDF7CED267957EE00539526 /* Post.swift in Sources */ = {isa = PBXBuildFile; fileRef = BBDF7CEC267957EE00539526 /* Post.swift */; };
		BBDF7CF1267961E000539526 /* UseCaseProvider.swift in Sources */ = {isa = PBXBuildFile; fileRef = BBDF7CF0267961E000539526 /* UseCaseProvider.swift */; };
		BBDF7CF42679648F00539526 /* NetworkProvider.swift in Sources */ = {isa = PBXBuildFile; fileRef = BBDF7CF32679648F00539526 /* NetworkProvider.swift */; };
		BBDF7CF7267965B000539526 /* NetworkAgent.swift in Sources */ = {isa = PBXBuildFile; fileRef = BBDF7CF6267965B000539526 /* NetworkAgent.swift */; };
		BBDF7CFB267973E900539526 /* CustomError.swift in Sources */ = {isa = PBXBuildFile; fileRef = BBDF7CFA267973E900539526 /* CustomError.swift */; };
		BBDF7CFE2679742600539526 /* Request.swift in Sources */ = {isa = PBXBuildFile; fileRef = BBDF7CFD2679742600539526 /* Request.swift */; };
		BBDF7D022679987800539526 /* PostTableViewCell.swift in Sources */ = {isa = PBXBuildFile; fileRef = BBDF7D012679987800539526 /* PostTableViewCell.swift */; };
		BBDF7D07267999F500539526 /* PostData.swift in Sources */ = {isa = PBXBuildFile; fileRef = BBDF7D06267999F500539526 /* PostData.swift */; };
		BBDF7D0F2679EF6900539526 /* Date+Extension.swift in Sources */ = {isa = PBXBuildFile; fileRef = BBDF7D0E2679EF6900539526 /* Date+Extension.swift */; };
		BBDF7D122679FFD500539526 /* PostAudioCoverTableViewCell.swift in Sources */ = {isa = PBXBuildFile; fileRef = BBDF7D112679FFD500539526 /* PostAudioCoverTableViewCell.swift */; };
		BBDF7D152679FFE800539526 /* PostPlainTableViewCell.swift in Sources */ = {isa = PBXBuildFile; fileRef = BBDF7D142679FFE800539526 /* PostPlainTableViewCell.swift */; };
		BBDF7D18267A02A300539526 /* PostPlainCoverTableViewCell.swift in Sources */ = {isa = PBXBuildFile; fileRef = BBDF7D17267A02A300539526 /* PostPlainCoverTableViewCell.swift */; };
		BBDF7D1B267A0CCB00539526 /* PostImageTableViewCell.swift in Sources */ = {isa = PBXBuildFile; fileRef = BBDF7D1A267A0CCB00539526 /* PostImageTableViewCell.swift */; };
		BBDF7D1E267A0D2100539526 /* PostVideoTableViewCell.swift in Sources */ = {isa = PBXBuildFile; fileRef = BBDF7D1D267A0D2100539526 /* PostVideoTableViewCell.swift */; };
		BBDF7D21267A0FC700539526 /* URL+Extension.swift in Sources */ = {isa = PBXBuildFile; fileRef = BBDF7D20267A0FC700539526 /* URL+Extension.swift */; };
/* End PBXBuildFile section */

/* Begin PBXFileReference section */
		BB5C3A79267CC595002B1D0E /* OptionalGender+Extension.swift */ = {isa = PBXFileReference; lastKnownFileType = sourcecode.swift; path = "OptionalGender+Extension.swift"; sourceTree = "<group>"; };
		BB5C3A7E267CCF2C002B1D0E /* UITableView+Extension.swift */ = {isa = PBXFileReference; lastKnownFileType = sourcecode.swift; path = "UITableView+Extension.swift"; sourceTree = "<group>"; };
		BB5C3A82267CDDB2002B1D0E /* Array+Extension.swift */ = {isa = PBXFileReference; lastKnownFileType = sourcecode.swift; path = "Array+Extension.swift"; sourceTree = "<group>"; };
		BBDF7CBE267947B800539526 /* testMVP.app */ = {isa = PBXFileReference; explicitFileType = wrapper.application; includeInIndex = 0; path = testMVP.app; sourceTree = BUILT_PRODUCTS_DIR; };
		BBDF7CC1267947B800539526 /* AppDelegate.swift */ = {isa = PBXFileReference; lastKnownFileType = sourcecode.swift; path = AppDelegate.swift; sourceTree = "<group>"; };
		BBDF7CC3267947B800539526 /* SceneDelegate.swift */ = {isa = PBXFileReference; lastKnownFileType = sourcecode.swift; path = SceneDelegate.swift; sourceTree = "<group>"; };
		BBDF7CC5267947B800539526 /* PostListViewController.swift */ = {isa = PBXFileReference; lastKnownFileType = sourcecode.swift; path = PostListViewController.swift; sourceTree = "<group>"; };
		BBDF7CCA267947C100539526 /* Assets.xcassets */ = {isa = PBXFileReference; lastKnownFileType = folder.assetcatalog; path = Assets.xcassets; sourceTree = "<group>"; };
		BBDF7CCF267947C100539526 /* Info.plist */ = {isa = PBXFileReference; lastKnownFileType = text.plist.xml; path = Info.plist; sourceTree = "<group>"; };
		BBDF7CDD26794D2900539526 /* PostListPresenter.swift */ = {isa = PBXFileReference; lastKnownFileType = sourcecode.swift; path = PostListPresenter.swift; sourceTree = "<group>"; };
		BBDF7CE72679542800539526 /* PostListRouter.swift */ = {isa = PBXFileReference; lastKnownFileType = sourcecode.swift; path = PostListRouter.swift; sourceTree = "<group>"; };
		BBDF7CEC267957EE00539526 /* Post.swift */ = {isa = PBXFileReference; lastKnownFileType = sourcecode.swift; path = Post.swift; sourceTree = "<group>"; };
		BBDF7CF0267961E000539526 /* UseCaseProvider.swift */ = {isa = PBXFileReference; lastKnownFileType = sourcecode.swift; path = UseCaseProvider.swift; sourceTree = "<group>"; };
		BBDF7CF32679648F00539526 /* NetworkProvider.swift */ = {isa = PBXFileReference; lastKnownFileType = sourcecode.swift; path = NetworkProvider.swift; sourceTree = "<group>"; };
		BBDF7CF6267965B000539526 /* NetworkAgent.swift */ = {isa = PBXFileReference; lastKnownFileType = sourcecode.swift; path = NetworkAgent.swift; sourceTree = "<group>"; };
		BBDF7CFA267973E900539526 /* CustomError.swift */ = {isa = PBXFileReference; lastKnownFileType = sourcecode.swift; path = CustomError.swift; sourceTree = "<group>"; };
		BBDF7CFD2679742600539526 /* Request.swift */ = {isa = PBXFileReference; lastKnownFileType = sourcecode.swift; path = Request.swift; sourceTree = "<group>"; };
		BBDF7D012679987800539526 /* PostTableViewCell.swift */ = {isa = PBXFileReference; lastKnownFileType = sourcecode.swift; path = PostTableViewCell.swift; sourceTree = "<group>"; };
		BBDF7D06267999F500539526 /* PostData.swift */ = {isa = PBXFileReference; lastKnownFileType = sourcecode.swift; path = PostData.swift; sourceTree = "<group>"; };
		BBDF7D0E2679EF6900539526 /* Date+Extension.swift */ = {isa = PBXFileReference; lastKnownFileType = sourcecode.swift; path = "Date+Extension.swift"; sourceTree = "<group>"; };
		BBDF7D112679FFD500539526 /* PostAudioCoverTableViewCell.swift */ = {isa = PBXFileReference; lastKnownFileType = sourcecode.swift; path = PostAudioCoverTableViewCell.swift; sourceTree = "<group>"; };
		BBDF7D142679FFE800539526 /* PostPlainTableViewCell.swift */ = {isa = PBXFileReference; lastKnownFileType = sourcecode.swift; path = PostPlainTableViewCell.swift; sourceTree = "<group>"; };
		BBDF7D17267A02A300539526 /* PostPlainCoverTableViewCell.swift */ = {isa = PBXFileReference; lastKnownFileType = sourcecode.swift; path = PostPlainCoverTableViewCell.swift; sourceTree = "<group>"; };
		BBDF7D1A267A0CCB00539526 /* PostImageTableViewCell.swift */ = {isa = PBXFileReference; lastKnownFileType = sourcecode.swift; path = PostImageTableViewCell.swift; sourceTree = "<group>"; };
		BBDF7D1D267A0D2100539526 /* PostVideoTableViewCell.swift */ = {isa = PBXFileReference; lastKnownFileType = sourcecode.swift; path = PostVideoTableViewCell.swift; sourceTree = "<group>"; };
		BBDF7D20267A0FC700539526 /* URL+Extension.swift */ = {isa = PBXFileReference; lastKnownFileType = sourcecode.swift; path = "URL+Extension.swift"; sourceTree = "<group>"; };
/* End PBXFileReference section */

/* Begin PBXFrameworksBuildPhase section */
		BBDF7CBB267947B800539526 /* Frameworks */ = {
			isa = PBXFrameworksBuildPhase;
			buildActionMask = 2147483647;
			files = (
			);
			runOnlyForDeploymentPostprocessing = 0;
		};
/* End PBXFrameworksBuildPhase section */

/* Begin PBXGroup section */
		BBDF7CB5267947B800539526 = {
			isa = PBXGroup;
			children = (
				BBDF7CC0267947B800539526 /* testMVP */,
				BBDF7CBF267947B800539526 /* Products */,
			);
			sourceTree = "<group>";
		};
		BBDF7CBF267947B800539526 /* Products */ = {
			isa = PBXGroup;
			children = (
				BBDF7CBE267947B800539526 /* testMVP.app */,
			);
			name = Products;
			sourceTree = "<group>";
		};
		BBDF7CC0267947B800539526 /* testMVP */ = {
			isa = PBXGroup;
			children = (
				BBDF7D0D2679EF6100539526 /* Extensions */,
				BBDF7CF9267973CF00539526 /* Helpers */,
				BBDF7CEF267961CE00539526 /* Service */,
				BBDF7CCF267947C100539526 /* Info.plist */,
				BBDF7CE42679532100539526 /* Application */,
				BBDF7CE32679531100539526 /* View */,
				BBDF7CE2267952E000539526 /* Router */,
				BBDF7CE1267952D700539526 /* Presenter */,
				BBDF7CE0267952D100539526 /* Model */,
			);
			path = testMVP;
			sourceTree = "<group>";
		};
		BBDF7CE0267952D100539526 /* Model */ = {
			isa = PBXGroup;
			children = (
				BBDF7D05267999BD00539526 /* Data */,
				BBDF7D042679999400539526 /* DataTransferObject */,
				BBDF7CFD2679742600539526 /* Request.swift */,
			);
			path = Model;
			sourceTree = "<group>";
		};
		BBDF7CE1267952D700539526 /* Presenter */ = {
			isa = PBXGroup;
			children = (
				BBDF7CDD26794D2900539526 /* PostListPresenter.swift */,
			);
			path = Presenter;
			sourceTree = "<group>";
		};
		BBDF7CE2267952E000539526 /* Router */ = {
			isa = PBXGroup;
			children = (
				BBDF7CE72679542800539526 /* PostListRouter.swift */,
			);
			path = Router;
			sourceTree = "<group>";
		};
		BBDF7CE32679531100539526 /* View */ = {
			isa = PBXGroup;
			children = (
				BBDF7D002679987100539526 /* Cell */,
				BBDF7CC5267947B800539526 /* PostListViewController.swift */,
			);
			path = View;
			sourceTree = "<group>";
		};
		BBDF7CE42679532100539526 /* Application */ = {
			isa = PBXGroup;
			children = (
				BBDF7CC1267947B800539526 /* AppDelegate.swift */,
				BBDF7CC3267947B800539526 /* SceneDelegate.swift */,
				BBDF7CCA267947C100539526 /* Assets.xcassets */,
			);
			path = Application;
			sourceTree = "<group>";
		};
		BBDF7CEF267961CE00539526 /* Service */ = {
			isa = PBXGroup;
			children = (
				BBDF7CF0267961E000539526 /* UseCaseProvider.swift */,
				BBDF7CF32679648F00539526 /* NetworkProvider.swift */,
				BBDF7CF6267965B000539526 /* NetworkAgent.swift */,
			);
			path = Service;
			sourceTree = "<group>";
		};
		BBDF7CF9267973CF00539526 /* Helpers */ = {
			isa = PBXGroup;
			children = (
				BBDF7CFA267973E900539526 /* CustomError.swift */,
			);
			path = Helpers;
			sourceTree = "<group>";
		};
		BBDF7D002679987100539526 /* Cell */ = {
			isa = PBXGroup;
			children = (
				BBDF7D012679987800539526 /* PostTableViewCell.swift */,
				BBDF7D112679FFD500539526 /* PostAudioCoverTableViewCell.swift */,
				BBDF7D142679FFE800539526 /* PostPlainTableViewCell.swift */,
				BBDF7D17267A02A300539526 /* PostPlainCoverTableViewCell.swift */,
				BBDF7D1A267A0CCB00539526 /* PostImageTableViewCell.swift */,
				BBDF7D1D267A0D2100539526 /* PostVideoTableViewCell.swift */,
			);
			path = Cell;
			sourceTree = "<group>";
		};
		BBDF7D042679999400539526 /* DataTransferObject */ = {
			isa = PBXGroup;
			children = (
				BBDF7CEC267957EE00539526 /* Post.swift */,
			);
			path = DataTransferObject;
			sourceTree = "<group>";
		};
		BBDF7D05267999BD00539526 /* Data */ = {
			isa = PBXGroup;
			children = (
				BBDF7D06267999F500539526 /* PostData.swift */,
			);
			path = Data;
			sourceTree = "<group>";
		};
		BBDF7D0D2679EF6100539526 /* Extensions */ = {
			isa = PBXGroup;
			children = (
				BBDF7D0E2679EF6900539526 /* Date+Extension.swift */,
				BBDF7D20267A0FC700539526 /* URL+Extension.swift */,
				BB5C3A79267CC595002B1D0E /* OptionalGender+Extension.swift */,
				BB5C3A7E267CCF2C002B1D0E /* UITableView+Extension.swift */,
				BB5C3A82267CDDB2002B1D0E /* Array+Extension.swift */,
			);
			path = Extensions;
			sourceTree = "<group>";
		};
/* End PBXGroup section */

/* Begin PBXNativeTarget section */
		BBDF7CBD267947B800539526 /* testMVP */ = {
			isa = PBXNativeTarget;
			buildConfigurationList = BBDF7CD2267947C100539526 /* Build configuration list for PBXNativeTarget "testMVP" */;
			buildPhases = (
				BBDF7CBA267947B800539526 /* Sources */,
				BBDF7CBB267947B800539526 /* Frameworks */,
				BBDF7CBC267947B800539526 /* Resources */,
			);
			buildRules = (
			);
			dependencies = (
			);
			name = testMVP;
			productName = testMVP;
			productReference = BBDF7CBE267947B800539526 /* testMVP.app */;
			productType = "com.apple.product-type.application";
		};
/* End PBXNativeTarget section */

/* Begin PBXProject section */
		BBDF7CB6267947B800539526 /* Project object */ = {
			isa = PBXProject;
			attributes = {
				LastSwiftUpdateCheck = 1230;
				LastUpgradeCheck = 1230;
				TargetAttributes = {
					BBDF7CBD267947B800539526 = {
						CreatedOnToolsVersion = 12.3;
					};
				};
			};
			buildConfigurationList = BBDF7CB9267947B800539526 /* Build configuration list for PBXProject "testMVP" */;
			compatibilityVersion = "Xcode 9.3";
			developmentRegion = en;
			hasScannedForEncodings = 0;
			knownRegions = (
				en,
				Base,
			);
			mainGroup = BBDF7CB5267947B800539526;
			productRefGroup = BBDF7CBF267947B800539526 /* Products */;
			projectDirPath = "";
			projectRoot = "";
			targets = (
				BBDF7CBD267947B800539526 /* testMVP */,
			);
		};
/* End PBXProject section */

/* Begin PBXResourcesBuildPhase section */
		BBDF7CBC267947B800539526 /* Resources */ = {
			isa = PBXResourcesBuildPhase;
			buildActionMask = 2147483647;
			files = (
				BBDF7CCB267947C100539526 /* Assets.xcassets in Resources */,
			);
			runOnlyForDeploymentPostprocessing = 0;
		};
/* End PBXResourcesBuildPhase section */

/* Begin PBXSourcesBuildPhase section */
		BBDF7CBA267947B800539526 /* Sources */ = {
			isa = PBXSourcesBuildPhase;
			buildActionMask = 2147483647;
			files = (
				BB5C3A7A267CC595002B1D0E /* OptionalGender+Extension.swift in Sources */,
				BBDF7CDE26794D2900539526 /* PostListPresenter.swift in Sources */,
				BBDF7CE82679542800539526 /* PostListRouter.swift in Sources */,
				BB5C3A7F267CCF2C002B1D0E /* UITableView+Extension.swift in Sources */,
				BBDF7D18267A02A300539526 /* PostPlainCoverTableViewCell.swift in Sources */,
				BBDF7CC6267947B800539526 /* PostListViewController.swift in Sources */,
				BBDF7CED267957EE00539526 /* Post.swift in Sources */,
				BBDF7D152679FFE800539526 /* PostPlainTableViewCell.swift in Sources */,
				BBDF7D07267999F500539526 /* PostData.swift in Sources */,
				BBDF7CFE2679742600539526 /* Request.swift in Sources */,
				BBDF7D122679FFD500539526 /* PostAudioCoverTableViewCell.swift in Sources */,
				BBDF7D1B267A0CCB00539526 /* PostImageTableViewCell.swift in Sources */,
				BBDF7CC2267947B800539526 /* AppDelegate.swift in Sources */,
				BB5C3A83267CDDB2002B1D0E /* Array+Extension.swift in Sources */,
				BBDF7CFB267973E900539526 /* CustomError.swift in Sources */,
				BBDF7CF42679648F00539526 /* NetworkProvider.swift in Sources */,
				BBDF7D21267A0FC700539526 /* URL+Extension.swift in Sources */,
				BBDF7D0F2679EF6900539526 /* Date+Extension.swift in Sources */,
				BBDF7CC4267947B800539526 /* SceneDelegate.swift in Sources */,
				BBDF7CF1267961E000539526 /* UseCaseProvider.swift in Sources */,
				BBDF7CF7267965B000539526 /* NetworkAgent.swift in Sources */,
				BBDF7D022679987800539526 /* PostTableViewCell.swift in Sources */,
				BBDF7D1E267A0D2100539526 /* PostVideoTableViewCell.swift in Sources */,
			);
			runOnlyForDeploymentPostprocessing = 0;
		};
/* End PBXSourcesBuildPhase section */

/* Begin XCBuildConfiguration section */
		BBDF7CD0267947C100539526 /* Debug */ = {
			isa = XCBuildConfiguration;
			buildSettings = {
				ALWAYS_SEARCH_USER_PATHS = NO;
				CLANG_ANALYZER_NONNULL = YES;
				CLANG_ANALYZER_NUMBER_OBJECT_CONVERSION = YES_AGGRESSIVE;
				CLANG_CXX_LANGUAGE_STANDARD = "gnu++14";
				CLANG_CXX_LIBRARY = "libc++";
				CLANG_ENABLE_MODULES = YES;
				CLANG_ENABLE_OBJC_ARC = YES;
				CLANG_ENABLE_OBJC_WEAK = YES;
				CLANG_WARN_BLOCK_CAPTURE_AUTORELEASING = YES;
				CLANG_WARN_BOOL_CONVERSION = YES;
				CLANG_WARN_COMMA = YES;
				CLANG_WARN_CONSTANT_CONVERSION = YES;
				CLANG_WARN_DEPRECATED_OBJC_IMPLEMENTATIONS = YES;
				CLANG_WARN_DIRECT_OBJC_ISA_USAGE = YES_ERROR;
				CLANG_WARN_DOCUMENTATION_COMMENTS = YES;
				CLANG_WARN_EMPTY_BODY = YES;
				CLANG_WARN_ENUM_CONVERSION = YES;
				CLANG_WARN_INFINITE_RECURSION = YES;
				CLANG_WARN_INT_CONVERSION = YES;
				CLANG_WARN_NON_LITERAL_NULL_CONVERSION = YES;
				CLANG_WARN_OBJC_IMPLICIT_RETAIN_SELF = YES;
				CLANG_WARN_OBJC_LITERAL_CONVERSION = YES;
				CLANG_WARN_OBJC_ROOT_CLASS = YES_ERROR;
				CLANG_WARN_QUOTED_INCLUDE_IN_FRAMEWORK_HEADER = YES;
				CLANG_WARN_RANGE_LOOP_ANALYSIS = YES;
				CLANG_WARN_STRICT_PROTOTYPES = YES;
				CLANG_WARN_SUSPICIOUS_MOVE = YES;
				CLANG_WARN_UNGUARDED_AVAILABILITY = YES_AGGRESSIVE;
				CLANG_WARN_UNREACHABLE_CODE = YES;
				CLANG_WARN__DUPLICATE_METHOD_MATCH = YES;
				COPY_PHASE_STRIP = NO;
				DEBUG_INFORMATION_FORMAT = dwarf;
				ENABLE_STRICT_OBJC_MSGSEND = YES;
				ENABLE_TESTABILITY = YES;
				GCC_C_LANGUAGE_STANDARD = gnu11;
				GCC_DYNAMIC_NO_PIC = NO;
				GCC_NO_COMMON_BLOCKS = YES;
				GCC_OPTIMIZATION_LEVEL = 0;
				GCC_PREPROCESSOR_DEFINITIONS = (
					"DEBUG=1",
					"$(inherited)",
				);
				GCC_WARN_64_TO_32_BIT_CONVERSION = YES;
				GCC_WARN_ABOUT_RETURN_TYPE = YES_ERROR;
				GCC_WARN_UNDECLARED_SELECTOR = YES;
				GCC_WARN_UNINITIALIZED_AUTOS = YES_AGGRESSIVE;
				GCC_WARN_UNUSED_FUNCTION = YES;
				GCC_WARN_UNUSED_VARIABLE = YES;
				IPHONEOS_DEPLOYMENT_TARGET = 14.3;
				MTL_ENABLE_DEBUG_INFO = INCLUDE_SOURCE;
				MTL_FAST_MATH = YES;
				ONLY_ACTIVE_ARCH = YES;
				SDKROOT = iphoneos;
				SWIFT_ACTIVE_COMPILATION_CONDITIONS = DEBUG;
				SWIFT_OPTIMIZATION_LEVEL = "-Onone";
			};
			name = Debug;
		};
		BBDF7CD1267947C100539526 /* Release */ = {
			isa = XCBuildConfiguration;
			buildSettings = {
				ALWAYS_SEARCH_USER_PATHS = NO;
				CLANG_ANALYZER_NONNULL = YES;
				CLANG_ANALYZER_NUMBER_OBJECT_CONVERSION = YES_AGGRESSIVE;
				CLANG_CXX_LANGUAGE_STANDARD = "gnu++14";
				CLANG_CXX_LIBRARY = "libc++";
				CLANG_ENABLE_MODULES = YES;
				CLANG_ENABLE_OBJC_ARC = YES;
				CLANG_ENABLE_OBJC_WEAK = YES;
				CLANG_WARN_BLOCK_CAPTURE_AUTORELEASING = YES;
				CLANG_WARN_BOOL_CONVERSION = YES;
				CLANG_WARN_COMMA = YES;
				CLANG_WARN_CONSTANT_CONVERSION = YES;
				CLANG_WARN_DEPRECATED_OBJC_IMPLEMENTATIONS = YES;
				CLANG_WARN_DIRECT_OBJC_ISA_USAGE = YES_ERROR;
				CLANG_WARN_DOCUMENTATION_COMMENTS = YES;
				CLANG_WARN_EMPTY_BODY = YES;
				CLANG_WARN_ENUM_CONVERSION = YES;
				CLANG_WARN_INFINITE_RECURSION = YES;
				CLANG_WARN_INT_CONVERSION = YES;
				CLANG_WARN_NON_LITERAL_NULL_CONVERSION = YES;
				CLANG_WARN_OBJC_IMPLICIT_RETAIN_SELF = YES;
				CLANG_WARN_OBJC_LITERAL_CONVERSION = YES;
				CLANG_WARN_OBJC_ROOT_CLASS = YES_ERROR;
				CLANG_WARN_QUOTED_INCLUDE_IN_FRAMEWORK_HEADER = YES;
				CLANG_WARN_RANGE_LOOP_ANALYSIS = YES;
				CLANG_WARN_STRICT_PROTOTYPES = YES;
				CLANG_WARN_SUSPICIOUS_MOVE = YES;
				CLANG_WARN_UNGUARDED_AVAILABILITY = YES_AGGRESSIVE;
				CLANG_WARN_UNREACHABLE_CODE = YES;
				CLANG_WARN__DUPLICATE_METHOD_MATCH = YES;
				COPY_PHASE_STRIP = NO;
				DEBUG_INFORMATION_FORMAT = "dwarf-with-dsym";
				ENABLE_NS_ASSERTIONS = NO;
				ENABLE_STRICT_OBJC_MSGSEND = YES;
				GCC_C_LANGUAGE_STANDARD = gnu11;
				GCC_NO_COMMON_BLOCKS = YES;
				GCC_WARN_64_TO_32_BIT_CONVERSION = YES;
				GCC_WARN_ABOUT_RETURN_TYPE = YES_ERROR;
				GCC_WARN_UNDECLARED_SELECTOR = YES;
				GCC_WARN_UNINITIALIZED_AUTOS = YES_AGGRESSIVE;
				GCC_WARN_UNUSED_FUNCTION = YES;
				GCC_WARN_UNUSED_VARIABLE = YES;
				IPHONEOS_DEPLOYMENT_TARGET = 14.3;
				MTL_ENABLE_DEBUG_INFO = NO;
				MTL_FAST_MATH = YES;
				SDKROOT = iphoneos;
				SWIFT_COMPILATION_MODE = wholemodule;
				SWIFT_OPTIMIZATION_LEVEL = "-O";
				VALIDATE_PRODUCT = YES;
			};
			name = Release;
		};
		BBDF7CD3267947C100539526 /* Debug */ = {
			isa = XCBuildConfiguration;
			buildSettings = {
				ASSETCATALOG_COMPILER_APPICON_NAME = AppIcon;
				ASSETCATALOG_COMPILER_GLOBAL_ACCENT_COLOR_NAME = AccentColor;
				CODE_SIGN_STYLE = Automatic;
				DEVELOPMENT_TEAM = 6PL6THVP79;
				INFOPLIST_FILE = testMVP/Info.plist;
				LD_RUNPATH_SEARCH_PATHS = (
					"$(inherited)",
					"@executable_path/Frameworks",
				);
				PRODUCT_BUNDLE_IDENTIFIER = com.home.ios.testMVP;
				PRODUCT_NAME = "$(TARGET_NAME)";
				SWIFT_VERSION = 5.0;
				TARGETED_DEVICE_FAMILY = "1,2";
			};
			name = Debug;
		};
		BBDF7CD4267947C100539526 /* Release */ = {
			isa = XCBuildConfiguration;
			buildSettings = {
				ASSETCATALOG_COMPILER_APPICON_NAME = AppIcon;
				ASSETCATALOG_COMPILER_GLOBAL_ACCENT_COLOR_NAME = AccentColor;
				CODE_SIGN_STYLE = Automatic;
				DEVELOPMENT_TEAM = 6PL6THVP79;
				INFOPLIST_FILE = testMVP/Info.plist;
				LD_RUNPATH_SEARCH_PATHS = (
					"$(inherited)",
					"@executable_path/Frameworks",
				);
				PRODUCT_BUNDLE_IDENTIFIER = com.home.ios.testMVP;
				PRODUCT_NAME = "$(TARGET_NAME)";
				SWIFT_VERSION = 5.0;
				TARGETED_DEVICE_FAMILY = "1,2";
			};
			name = Release;
		};
/* End XCBuildConfiguration section */

/* Begin XCConfigurationList section */
		BBDF7CB9267947B800539526 /* Build configuration list for PBXProject "testMVP" */ = {
			isa = XCConfigurationList;
			buildConfigurations = (
				BBDF7CD0267947C100539526 /* Debug */,
				BBDF7CD1267947C100539526 /* Release */,
			);
			defaultConfigurationIsVisible = 0;
			defaultConfigurationName = Release;
		};
		BBDF7CD2267947C100539526 /* Build configuration list for PBXNativeTarget "testMVP" */ = {
			isa = XCConfigurationList;
			buildConfigurations = (
				BBDF7CD3267947C100539526 /* Debug */,
				BBDF7CD4267947C100539526 /* Release */,
			);
			defaultConfigurationIsVisible = 0;
			defaultConfigurationName = Release;
		};
/* End XCConfigurationList section */
	};
	rootObject = BBDF7CB6267947B800539526 /* Project object */;
}
